
Microsoft Visual Studio Solution File, Format Version 12.00
Project("{FAE04EC0-301F-11D3-BF4B-00C04F79EFBC}") = "KP1T1", "KP1T1\KP1T1.csproj", "{99F6964F-05F2-47AC-A95C-2BCB525D38F0}"
EndProject
Project("{FAE04EC0-301F-11D3-BF4B-00C04F79EFBC}") = "KP1T2", "KP1T2\KP1T2.csproj", "{07077F0A-E85F-470C-A8D8-26C9F466FC1D}"
EndProject
Global
	GlobalSection(SolutionConfigurationPlatforms) = preSolution
		Debug|Any CPU = Debug|Any CPU
		Release|Any CPU = Release|Any CPU
	EndGlobalSection
	GlobalSection(ProjectConfigurationPlatforms) = postSolution
		{99F6964F-05F2-47AC-A95C-2BCB525D38F0}.Debug|Any CPU.ActiveCfg = Debug|Any CPU
		{99F6964F-05F2-47AC-A95C-2BCB525D38F0}.Debug|Any CPU.Build.0 = Debug|Any CPU
		{99F6964F-05F2-47AC-A95C-2BCB525D38F0}.Release|Any CPU.ActiveCfg = Release|Any CPU
		{99F6964F-05F2-47AC-A95C-2BCB525D38F0}.Release|Any CPU.Build.0 = Release|Any CPU
		{07077F0A-E85F-470C-A8D8-26C9F466FC1D}.Debug|Any CPU.ActiveCfg = Debug|Any CPU
		{07077F0A-E85F-470C-A8D8-26C9F466FC1D}.Debug|Any CPU.Build.0 = Debug|Any CPU
		{07077F0A-E85F-470C-A8D8-26C9F466FC1D}.Release|Any CPU.ActiveCfg = Release|Any CPU
		{07077F0A-E85F-470C-A8D8-26C9F466FC1D}.Release|Any CPU.Build.0 = Release|Any CPU
	EndGlobalSection
EndGlobal
